
Microsoft Visual Studio Solution File, Format Version 12.00
# Visual Studio Version 16
VisualStudioVersion = 16.0.31105.61
MinimumVisualStudioVersion = 10.0.40219.1
Project("{FAE04EC0-301F-11D3-BF4B-00C04F79EFBC}") = "CarRent", "CarRent\CarRent.csproj", "{B2DA2810-6CFB-4E6C-A6AC-CD7EBAE20BEF}"
EndProject
Global
	GlobalSection(SolutionConfigurationPlatforms) = preSolution
		Debug|Any CPU = Debug|Any CPU
		Release|Any CPU = Release|Any CPU
	EndGlobalSection
	GlobalSection(ProjectConfigurationPlatforms) = postSolution
		{B2DA2810-6CFB-4E6C-A6AC-CD7EBAE20BEF}.Debug|Any CPU.ActiveCfg = Debug|Any CPU
		{B2DA2810-6CFB-4E6C-A6AC-CD7EBAE20BEF}.Debug|Any CPU.Build.0 = Debug|Any CPU
		{B2DA2810-6CFB-4E6C-A6AC-CD7EBAE20BEF}.Release|Any CPU.ActiveCfg = Release|Any CPU
		{B2DA2810-6CFB-4E6C-A6AC-CD7EBAE20BEF}.Release|Any CPU.Build.0 = Release|Any CPU
	EndGlobalSection
	GlobalSection(SolutionProperties) = preSolution
		HideSolutionNode = FALSE
	EndGlobalSection
	GlobalSection(ExtensibilityGlobals) = postSolution
		SolutionGuid = {22286611-5947-40F5-A1A9-3C0201A18B2B}
	EndGlobalSection
EndGlobal
